// !$*UTF8*$!
{
	archiveVersion = 1;
	classes = {
	};
	objectVersion = 48;
	objects = {

/* Begin PBXBuildFile section */
		2828C33F1F61102900BC9DC9 /* RepeatPickerViewController.swift in Sources */ = {isa = PBXBuildFile; fileRef = 2828C33E1F61102900BC9DC9 /* RepeatPickerViewController.swift */; };
		287F07F81F6BAE39000FC644 /* NotificationCenter.framework in Frameworks */ = {isa = PBXBuildFile; fileRef = 287F07F71F6BAE39000FC644 /* NotificationCenter.framework */; };
		287F07FB1F6BAE39000FC644 /* TodayViewController.swift in Sources */ = {isa = PBXBuildFile; fileRef = 287F07FA1F6BAE39000FC644 /* TodayViewController.swift */; };
		287F07FE1F6BAE39000FC644 /* MainInterface.storyboard in Resources */ = {isa = PBXBuildFile; fileRef = 287F07FC1F6BAE39000FC644 /* MainInterface.storyboard */; };
		287F08021F6BAE39000FC644 /* DaysLeft Extension.appex in Embed App Extensions */ = {isa = PBXBuildFile; fileRef = 287F07F51F6BAE39000FC644 /* DaysLeft Extension.appex */; settings = {ATTRIBUTES = (RemoveHeadersOnCopy, ); }; };
		28D0BD981F5FC6AA00CADE5E /* AddBigDayViewController.swift in Sources */ = {isa = PBXBuildFile; fileRef = 28D0BD971F5FC6AA00CADE5E /* AddBigDayViewController.swift */; };
		C522188F1F6E713A006DF152 /* BigDay+CoreDataClass.swift in Sources */ = {isa = PBXBuildFile; fileRef = C522188D1F6E713A006DF152 /* BigDay+CoreDataClass.swift */; };
		C52218901F6E713A006DF152 /* BigDay+CoreDataProperties.swift in Sources */ = {isa = PBXBuildFile; fileRef = C522188E1F6E713A006DF152 /* BigDay+CoreDataProperties.swift */; };
		C52218911F6E7176006DF152 /* BigDay+CoreDataClass.swift in Sources */ = {isa = PBXBuildFile; fileRef = C522188D1F6E713A006DF152 /* BigDay+CoreDataClass.swift */; };
		C52218921F6E7179006DF152 /* BigDay+CoreDataProperties.swift in Sources */ = {isa = PBXBuildFile; fileRef = C522188E1F6E713A006DF152 /* BigDay+CoreDataProperties.swift */; };
		C52218951F6E728C006DF152 /* CoreDataStack.swift in Sources */ = {isa = PBXBuildFile; fileRef = C52218941F6E7286006DF152 /* CoreDataStack.swift */; };
		C55E98691F6CF5F70048935B /* CoreDataStack.swift in Sources */ = {isa = PBXBuildFile; fileRef = C55E98681F6CF5F70048935B /* CoreDataStack.swift */; };
		C56E88731F6D233800E5B2A6 /* DaysLeft.xcdatamodeld in Sources */ = {isa = PBXBuildFile; fileRef = C59D6A551F52782700CFACF5 /* DaysLeft.xcdatamodeld */; };
		C58E653B1F6CD693004512DF /* TodayTableViewCell.swift in Sources */ = {isa = PBXBuildFile; fileRef = C58E653A1F6CD693004512DF /* TodayTableViewCell.swift */; };
		C59D6A4F1F52782700CFACF5 /* AppDelegate.swift in Sources */ = {isa = PBXBuildFile; fileRef = C59D6A4E1F52782700CFACF5 /* AppDelegate.swift */; };
		C59D6A541F52782700CFACF5 /* Main.storyboard in Resources */ = {isa = PBXBuildFile; fileRef = C59D6A521F52782700CFACF5 /* Main.storyboard */; };
		C59D6A571F52782700CFACF5 /* DaysLeft.xcdatamodeld in Sources */ = {isa = PBXBuildFile; fileRef = C59D6A551F52782700CFACF5 /* DaysLeft.xcdatamodeld */; };
		C59D6A591F52782700CFACF5 /* Assets.xcassets in Resources */ = {isa = PBXBuildFile; fileRef = C59D6A581F52782700CFACF5 /* Assets.xcassets */; };
		C59D6A5C1F52782700CFACF5 /* LaunchScreen.storyboard in Resources */ = {isa = PBXBuildFile; fileRef = C59D6A5A1F52782700CFACF5 /* LaunchScreen.storyboard */; };
		C59D6A661F52787F00CFACF5 /* BigDaysTableViewController.swift in Sources */ = {isa = PBXBuildFile; fileRef = C59D6A651F52787F00CFACF5 /* BigDaysTableViewController.swift */; };
		C59D6A6C1F52B15600CFACF5 /* BigDayTableViewCell.swift in Sources */ = {isa = PBXBuildFile; fileRef = C59D6A6B1F52B15600CFACF5 /* BigDayTableViewCell.swift */; };
		C5B0F0BA1F6E314100F124B1 /* MenuTableViewController.swift in Sources */ = {isa = PBXBuildFile; fileRef = C5B0F0B91F6E314100F124B1 /* MenuTableViewController.swift */; };
/* End PBXBuildFile section */

/* Begin PBXContainerItemProxy section */
		287F08001F6BAE39000FC644 /* PBXContainerItemProxy */ = {
			isa = PBXContainerItemProxy;
			containerPortal = C59D6A431F52782600CFACF5 /* Project object */;
			proxyType = 1;
			remoteGlobalIDString = 287F07F41F6BAE39000FC644;
			remoteInfo = "DaysLeft Extension";
		};
/* End PBXContainerItemProxy section */

/* Begin PBXCopyFilesBuildPhase section */
		287F08061F6BAE39000FC644 /* Embed App Extensions */ = {
			isa = PBXCopyFilesBuildPhase;
			buildActionMask = 2147483647;
			dstPath = "";
			dstSubfolderSpec = 13;
			files = (
				287F08021F6BAE39000FC644 /* DaysLeft Extension.appex in Embed App Extensions */,
			);
			name = "Embed App Extensions";
			runOnlyForDeploymentPostprocessing = 0;
		};
/* End PBXCopyFilesBuildPhase section */

/* Begin PBXFileReference section */
		2828C33E1F61102900BC9DC9 /* RepeatPickerViewController.swift */ = {isa = PBXFileReference; lastKnownFileType = sourcecode.swift; path = RepeatPickerViewController.swift; sourceTree = "<group>"; };
		287F07F51F6BAE39000FC644 /* DaysLeft Extension.appex */ = {isa = PBXFileReference; explicitFileType = "wrapper.app-extension"; includeInIndex = 0; path = "DaysLeft Extension.appex"; sourceTree = BUILT_PRODUCTS_DIR; };
		287F07F71F6BAE39000FC644 /* NotificationCenter.framework */ = {isa = PBXFileReference; lastKnownFileType = wrapper.framework; name = NotificationCenter.framework; path = System/Library/Frameworks/NotificationCenter.framework; sourceTree = SDKROOT; };
		287F07FA1F6BAE39000FC644 /* TodayViewController.swift */ = {isa = PBXFileReference; lastKnownFileType = sourcecode.swift; path = TodayViewController.swift; sourceTree = "<group>"; };
		287F07FD1F6BAE39000FC644 /* Base */ = {isa = PBXFileReference; lastKnownFileType = file.storyboard; name = Base; path = Base.lproj/MainInterface.storyboard; sourceTree = "<group>"; };
		287F07FF1F6BAE39000FC644 /* Info.plist */ = {isa = PBXFileReference; lastKnownFileType = text.plist.xml; path = Info.plist; sourceTree = "<group>"; };
		28D0BD971F5FC6AA00CADE5E /* AddBigDayViewController.swift */ = {isa = PBXFileReference; lastKnownFileType = sourcecode.swift; path = AddBigDayViewController.swift; sourceTree = "<group>"; };
		C522188D1F6E713A006DF152 /* BigDay+CoreDataClass.swift */ = {isa = PBXFileReference; lastKnownFileType = sourcecode.swift; path = "BigDay+CoreDataClass.swift"; sourceTree = "<group>"; };
		C522188E1F6E713A006DF152 /* BigDay+CoreDataProperties.swift */ = {isa = PBXFileReference; lastKnownFileType = sourcecode.swift; path = "BigDay+CoreDataProperties.swift"; sourceTree = "<group>"; };
		C52218931F6E720B006DF152 /* CoreDataStack.swift */ = {isa = PBXFileReference; lastKnownFileType = sourcecode.swift; path = CoreDataStack.swift; sourceTree = SOURCE_ROOT; };
		C52218941F6E7286006DF152 /* CoreDataStack.swift */ = {isa = PBXFileReference; lastKnownFileType = sourcecode.swift; path = CoreDataStack.swift; sourceTree = SOURCE_ROOT; };
		C55E98681F6CF5F70048935B /* CoreDataStack.swift */ = {isa = PBXFileReference; lastKnownFileType = sourcecode.swift; path = CoreDataStack.swift; sourceTree = "<group>"; };
		C58E653A1F6CD693004512DF /* TodayTableViewCell.swift */ = {isa = PBXFileReference; lastKnownFileType = sourcecode.swift; path = TodayTableViewCell.swift; sourceTree = "<group>"; };
		C58E653C1F6CDB9E004512DF /* DaysLeft.entitlements */ = {isa = PBXFileReference; lastKnownFileType = text.plist.entitlements; path = DaysLeft.entitlements; sourceTree = "<group>"; };
		C58E653D1F6CDC0C004512DF /* DaysLeft Extension.entitlements */ = {isa = PBXFileReference; lastKnownFileType = text.plist.entitlements; path = "DaysLeft Extension.entitlements"; sourceTree = "<group>"; };
		C59D6A4B1F52782600CFACF5 /* DaysLeft.app */ = {isa = PBXFileReference; explicitFileType = wrapper.application; includeInIndex = 0; path = DaysLeft.app; sourceTree = BUILT_PRODUCTS_DIR; };
		C59D6A4E1F52782700CFACF5 /* AppDelegate.swift */ = {isa = PBXFileReference; lastKnownFileType = sourcecode.swift; path = AppDelegate.swift; sourceTree = "<group>"; };
		C59D6A531F52782700CFACF5 /* Base */ = {isa = PBXFileReference; lastKnownFileType = file.storyboard; name = Base; path = Base.lproj/Main.storyboard; sourceTree = "<group>"; };
		C59D6A561F52782700CFACF5 /* DaysLeft.xcdatamodel */ = {isa = PBXFileReference; lastKnownFileType = wrapper.xcdatamodel; path = DaysLeft.xcdatamodel; sourceTree = "<group>"; };
		C59D6A581F52782700CFACF5 /* Assets.xcassets */ = {isa = PBXFileReference; lastKnownFileType = folder.assetcatalog; path = Assets.xcassets; sourceTree = "<group>"; };
		C59D6A5B1F52782700CFACF5 /* Base */ = {isa = PBXFileReference; lastKnownFileType = file.storyboard; name = Base; path = Base.lproj/LaunchScreen.storyboard; sourceTree = "<group>"; };
		C59D6A5D1F52782700CFACF5 /* Info.plist */ = {isa = PBXFileReference; lastKnownFileType = text.plist.xml; path = Info.plist; sourceTree = "<group>"; };
		C59D6A651F52787F00CFACF5 /* BigDaysTableViewController.swift */ = {isa = PBXFileReference; lastKnownFileType = sourcecode.swift; path = BigDaysTableViewController.swift; sourceTree = "<group>"; };
		C59D6A6B1F52B15600CFACF5 /* BigDayTableViewCell.swift */ = {isa = PBXFileReference; lastKnownFileType = sourcecode.swift; path = BigDayTableViewCell.swift; sourceTree = "<group>"; };
		C5B0F0B91F6E314100F124B1 /* MenuTableViewController.swift */ = {isa = PBXFileReference; lastKnownFileType = sourcecode.swift; path = MenuTableViewController.swift; sourceTree = "<group>"; };
/* End PBXFileReference section */

/* Begin PBXFrameworksBuildPhase section */
		287F07F21F6BAE39000FC644 /* Frameworks */ = {
			isa = PBXFrameworksBuildPhase;
			buildActionMask = 2147483647;
			files = (
				287F07F81F6BAE39000FC644 /* NotificationCenter.framework in Frameworks */,
			);
			runOnlyForDeploymentPostprocessing = 0;
		};
		C59D6A481F52782600CFACF5 /* Frameworks */ = {
			isa = PBXFrameworksBuildPhase;
			buildActionMask = 2147483647;
			files = (
			);
			runOnlyForDeploymentPostprocessing = 0;
		};
/* End PBXFrameworksBuildPhase section */

/* Begin PBXGroup section */
		287F07F61F6BAE39000FC644 /* Frameworks */ = {
			isa = PBXGroup;
			children = (
				287F07F71F6BAE39000FC644 /* NotificationCenter.framework */,
			);
			name = Frameworks;
			sourceTree = "<group>";
		};
		287F07F91F6BAE39000FC644 /* DaysLeft Extension */ = {
			isa = PBXGroup;
			children = (
				C58E653D1F6CDC0C004512DF /* DaysLeft Extension.entitlements */,
				287F07FA1F6BAE39000FC644 /* TodayViewController.swift */,
				C58E653A1F6CD693004512DF /* TodayTableViewCell.swift */,
				287F07FC1F6BAE39000FC644 /* MainInterface.storyboard */,
				287F07FF1F6BAE39000FC644 /* Info.plist */,
			);
			path = "DaysLeft Extension";
			sourceTree = "<group>";
		};
		C59D6A421F52782600CFACF5 = {
			isa = PBXGroup;
			children = (
				C55E98681F6CF5F70048935B /* CoreDataStack.swift */,
				C59D6A4D1F52782600CFACF5 /* DaysLeft */,
				287F07F91F6BAE39000FC644 /* DaysLeft Extension */,
				287F07F61F6BAE39000FC644 /* Frameworks */,
				C59D6A4C1F52782600CFACF5 /* Products */,
			);
			sourceTree = "<group>";
		};
		C59D6A4C1F52782600CFACF5 /* Products */ = {
			isa = PBXGroup;
			children = (
				C59D6A4B1F52782600CFACF5 /* DaysLeft.app */,
				287F07F51F6BAE39000FC644 /* DaysLeft Extension.appex */,
			);
			name = Products;
			sourceTree = "<group>";
		};
		C59D6A4D1F52782600CFACF5 /* DaysLeft */ = {
			isa = PBXGroup;
			children = (
				C5B0F0B91F6E314100F124B1 /* MenuTableViewController.swift */,
				C58E653C1F6CDB9E004512DF /* DaysLeft.entitlements */,
				C59D6A551F52782700CFACF5 /* DaysLeft.xcdatamodeld */,
				C52218941F6E7286006DF152 /* CoreDataStack.swift */,
				C522188D1F6E713A006DF152 /* BigDay+CoreDataClass.swift */,
				C522188E1F6E713A006DF152 /* BigDay+CoreDataProperties.swift */,
				C59D6A651F52787F00CFACF5 /* BigDaysTableViewController.swift */,
				C59D6A6B1F52B15600CFACF5 /* BigDayTableViewCell.swift */,
				C59D6A521F52782700CFACF5 /* Main.storyboard */,
				28D0BD971F5FC6AA00CADE5E /* AddBigDayViewController.swift */,
				2828C33E1F61102900BC9DC9 /* RepeatPickerViewController.swift */,
				C59D6A581F52782700CFACF5 /* Assets.xcassets */,
				C59D6A5D1F52782700CFACF5 /* Info.plist */,
				C59D6A4E1F52782700CFACF5 /* AppDelegate.swift */,
				C52218931F6E720B006DF152 /* CoreDataStack.swift */,
				C59D6A5A1F52782700CFACF5 /* LaunchScreen.storyboard */,
			);
			path = DaysLeft;
			sourceTree = "<group>";
		};
/* End PBXGroup section */

/* Begin PBXNativeTarget section */
		287F07F41F6BAE39000FC644 /* DaysLeft Extension */ = {
			isa = PBXNativeTarget;
			buildConfigurationList = 287F08051F6BAE39000FC644 /* Build configuration list for PBXNativeTarget "DaysLeft Extension" */;
			buildPhases = (
				287F07F11F6BAE39000FC644 /* Sources */,
				287F07F21F6BAE39000FC644 /* Frameworks */,
				287F07F31F6BAE39000FC644 /* Resources */,
			);
			buildRules = (
			);
			dependencies = (
			);
			name = "DaysLeft Extension";
			productName = "DaysLeft Extension";
			productReference = 287F07F51F6BAE39000FC644 /* DaysLeft Extension.appex */;
			productType = "com.apple.product-type.app-extension";
		};
		C59D6A4A1F52782600CFACF5 /* DaysLeft */ = {
			isa = PBXNativeTarget;
			buildConfigurationList = C59D6A601F52782700CFACF5 /* Build configuration list for PBXNativeTarget "DaysLeft" */;
			buildPhases = (
				C59D6A471F52782600CFACF5 /* Sources */,
				C59D6A481F52782600CFACF5 /* Frameworks */,
				C59D6A491F52782600CFACF5 /* Resources */,
				287F08061F6BAE39000FC644 /* Embed App Extensions */,
			);
			buildRules = (
			);
			dependencies = (
				287F08011F6BAE39000FC644 /* PBXTargetDependency */,
			);
			name = DaysLeft;
			productName = DaysLeft;
			productReference = C59D6A4B1F52782600CFACF5 /* DaysLeft.app */;
			productType = "com.apple.product-type.application";
		};
/* End PBXNativeTarget section */

/* Begin PBXProject section */
		C59D6A431F52782600CFACF5 /* Project object */ = {
			isa = PBXProject;
			attributes = {
				LastSwiftUpdateCheck = 0900;
				LastUpgradeCheck = 0900;
				ORGANIZATIONNAME = tdones;
				TargetAttributes = {
					287F07F41F6BAE39000FC644 = {
						CreatedOnToolsVersion = 9.0;
						ProvisioningStyle = Automatic;
						SystemCapabilities = {
							com.apple.ApplicationGroups.iOS = {
								enabled = 1;
							};
						};
					};
					C59D6A4A1F52782600CFACF5 = {
						CreatedOnToolsVersion = 9.0;
						ProvisioningStyle = Automatic;
						SystemCapabilities = {
							com.apple.ApplicationGroups.iOS = {
								enabled = 0;
							};
							com.apple.Push = {
								enabled = 1;
							};
							com.apple.iCloud = {
								enabled = 0;
							};
						};
					};
				};
			};
			buildConfigurationList = C59D6A461F52782600CFACF5 /* Build configuration list for PBXProject "DaysLeft" */;
			compatibilityVersion = "Xcode 8.0";
			developmentRegion = en;
			hasScannedForEncodings = 0;
			knownRegions = (
				en,
				Base,
			);
			mainGroup = C59D6A421F52782600CFACF5;
			productRefGroup = C59D6A4C1F52782600CFACF5 /* Products */;
			projectDirPath = "";
			projectRoot = "";
			targets = (
				C59D6A4A1F52782600CFACF5 /* DaysLeft */,
				287F07F41F6BAE39000FC644 /* DaysLeft Extension */,
			);
		};
/* End PBXProject section */

/* Begin PBXResourcesBuildPhase section */
		287F07F31F6BAE39000FC644 /* Resources */ = {
			isa = PBXResourcesBuildPhase;
			buildActionMask = 2147483647;
			files = (
				287F07FE1F6BAE39000FC644 /* MainInterface.storyboard in Resources */,
			);
			runOnlyForDeploymentPostprocessing = 0;
		};
		C59D6A491F52782600CFACF5 /* Resources */ = {
			isa = PBXResourcesBuildPhase;
			buildActionMask = 2147483647;
			files = (
				C59D6A5C1F52782700CFACF5 /* LaunchScreen.storyboard in Resources */,
				C59D6A591F52782700CFACF5 /* Assets.xcassets in Resources */,
				C59D6A541F52782700CFACF5 /* Main.storyboard in Resources */,
			);
			runOnlyForDeploymentPostprocessing = 0;
		};
/* End PBXResourcesBuildPhase section */

/* Begin PBXSourcesBuildPhase section */
		287F07F11F6BAE39000FC644 /* Sources */ = {
			isa = PBXSourcesBuildPhase;
			buildActionMask = 2147483647;
			files = (
				C56E88731F6D233800E5B2A6 /* DaysLeft.xcdatamodeld in Sources */,
				C52218911F6E7176006DF152 /* BigDay+CoreDataClass.swift in Sources */,
				287F07FB1F6BAE39000FC644 /* TodayViewController.swift in Sources */,
				C52218951F6E728C006DF152 /* CoreDataStack.swift in Sources */,
				C58E653B1F6CD693004512DF /* TodayTableViewCell.swift in Sources */,
				C52218921F6E7179006DF152 /* BigDay+CoreDataProperties.swift in Sources */,
			);
			runOnlyForDeploymentPostprocessing = 0;
		};
		C59D6A471F52782600CFACF5 /* Sources */ = {
			isa = PBXSourcesBuildPhase;
			buildActionMask = 2147483647;
			files = (
				28D0BD981F5FC6AA00CADE5E /* AddBigDayViewController.swift in Sources */,
				C52218901F6E713A006DF152 /* BigDay+CoreDataProperties.swift in Sources */,
				C59D6A661F52787F00CFACF5 /* BigDaysTableViewController.swift in Sources */,
				C5B0F0BA1F6E314100F124B1 /* MenuTableViewController.swift in Sources */,
				2828C33F1F61102900BC9DC9 /* RepeatPickerViewController.swift in Sources */,
				C55E98691F6CF5F70048935B /* CoreDataStack.swift in Sources */,
				C59D6A6C1F52B15600CFACF5 /* BigDayTableViewCell.swift in Sources */,
				C59D6A571F52782700CFACF5 /* DaysLeft.xcdatamodeld in Sources */,
				C59D6A4F1F52782700CFACF5 /* AppDelegate.swift in Sources */,
				C522188F1F6E713A006DF152 /* BigDay+CoreDataClass.swift in Sources */,
			);
			runOnlyForDeploymentPostprocessing = 0;
		};
/* End PBXSourcesBuildPhase section */

/* Begin PBXTargetDependency section */
		287F08011F6BAE39000FC644 /* PBXTargetDependency */ = {
			isa = PBXTargetDependency;
			target = 287F07F41F6BAE39000FC644 /* DaysLeft Extension */;
			targetProxy = 287F08001F6BAE39000FC644 /* PBXContainerItemProxy */;
		};
/* End PBXTargetDependency section */

/* Begin PBXVariantGroup section */
		287F07FC1F6BAE39000FC644 /* MainInterface.storyboard */ = {
			isa = PBXVariantGroup;
			children = (
				287F07FD1F6BAE39000FC644 /* Base */,
			);
			name = MainInterface.storyboard;
			sourceTree = "<group>";
		};
		C59D6A521F52782700CFACF5 /* Main.storyboard */ = {
			isa = PBXVariantGroup;
			children = (
				C59D6A531F52782700CFACF5 /* Base */,
			);
			name = Main.storyboard;
			sourceTree = "<group>";
		};
		C59D6A5A1F52782700CFACF5 /* LaunchScreen.storyboard */ = {
			isa = PBXVariantGroup;
			children = (
				C59D6A5B1F52782700CFACF5 /* Base */,
			);
			name = LaunchScreen.storyboard;
			sourceTree = "<group>";
		};
/* End PBXVariantGroup section */

/* Begin XCBuildConfiguration section */
		287F08031F6BAE39000FC644 /* Debug */ = {
			isa = XCBuildConfiguration;
			buildSettings = {
				CODE_SIGN_ENTITLEMENTS = "DaysLeft Extension/DaysLeft Extension.entitlements";
				CODE_SIGN_STYLE = Automatic;
				DEVELOPMENT_TEAM = J49MZ45WGA;
				INFOPLIST_FILE = "DaysLeft Extension/Info.plist";
				LD_RUNPATH_SEARCH_PATHS = "$(inherited) @executable_path/Frameworks @executable_path/../../Frameworks";
				PRODUCT_BUNDLE_IDENTIFIER = "com.tdones.DaysLeft.DaysLeft-Extension";
				PRODUCT_NAME = "$(TARGET_NAME)";
				SKIP_INSTALL = YES;
				SWIFT_VERSION = 4.0;
				TARGETED_DEVICE_FAMILY = "1,2";
			};
			name = Debug;
		};
		287F08041F6BAE39000FC644 /* Release */ = {
			isa = XCBuildConfiguration;
			buildSettings = {
				CODE_SIGN_ENTITLEMENTS = "DaysLeft Extension/DaysLeft Extension.entitlements";
				CODE_SIGN_STYLE = Automatic;
				DEVELOPMENT_TEAM = J49MZ45WGA;
				INFOPLIST_FILE = "DaysLeft Extension/Info.plist";
				LD_RUNPATH_SEARCH_PATHS = "$(inherited) @executable_path/Frameworks @executable_path/../../Frameworks";
				PRODUCT_BUNDLE_IDENTIFIER = "com.tdones.DaysLeft.DaysLeft-Extension";
				PRODUCT_NAME = "$(TARGET_NAME)";
				SKIP_INSTALL = YES;
				SWIFT_VERSION = 4.0;
				TARGETED_DEVICE_FAMILY = "1,2";
			};
			name = Release;
		};
		C59D6A5E1F52782700CFACF5 /* Debug */ = {
			isa = XCBuildConfiguration;
			buildSettings = {
				ALWAYS_SEARCH_USER_PATHS = NO;
				CLANG_ANALYZER_NONNULL = YES;
				CLANG_ANALYZER_NUMBER_OBJECT_CONVERSION = YES_AGGRESSIVE;
				CLANG_CXX_LANGUAGE_STANDARD = "gnu++14";
				CLANG_CXX_LIBRARY = "libc++";
				CLANG_ENABLE_MODULES = YES;
				CLANG_ENABLE_OBJC_ARC = YES;
				CLANG_WARN_BLOCK_CAPTURE_AUTORELEASING = YES;
				CLANG_WARN_BOOL_CONVERSION = YES;
				CLANG_WARN_COMMA = YES;
				CLANG_WARN_CONSTANT_CONVERSION = YES;
				CLANG_WARN_DIRECT_OBJC_ISA_USAGE = YES_ERROR;
				CLANG_WARN_DOCUMENTATION_COMMENTS = YES;
				CLANG_WARN_EMPTY_BODY = YES;
				CLANG_WARN_ENUM_CONVERSION = YES;
				CLANG_WARN_INFINITE_RECURSION = YES;
				CLANG_WARN_INT_CONVERSION = YES;
				CLANG_WARN_NON_LITERAL_NULL_CONVERSION = YES;
				CLANG_WARN_OBJC_LITERAL_CONVERSION = YES;
				CLANG_WARN_OBJC_ROOT_CLASS = YES_ERROR;
				CLANG_WARN_RANGE_LOOP_ANALYSIS = YES;
				CLANG_WARN_STRICT_PROTOTYPES = YES;
				CLANG_WARN_SUSPICIOUS_MOVE = YES;
				CLANG_WARN_UNGUARDED_AVAILABILITY = YES_AGGRESSIVE;
				CLANG_WARN_UNREACHABLE_CODE = YES;
				CLANG_WARN__DUPLICATE_METHOD_MATCH = YES;
				CODE_SIGN_IDENTITY = "iPhone Developer";
				COPY_PHASE_STRIP = NO;
				DEBUG_INFORMATION_FORMAT = dwarf;
				ENABLE_STRICT_OBJC_MSGSEND = YES;
				ENABLE_TESTABILITY = YES;
				GCC_C_LANGUAGE_STANDARD = gnu11;
				GCC_DYNAMIC_NO_PIC = NO;
				GCC_NO_COMMON_BLOCKS = YES;
				GCC_OPTIMIZATION_LEVEL = 0;
				GCC_PREPROCESSOR_DEFINITIONS = (
					"DEBUG=1",
					"$(inherited)",
				);
				GCC_WARN_64_TO_32_BIT_CONVERSION = YES;
				GCC_WARN_ABOUT_RETURN_TYPE = YES_ERROR;
				GCC_WARN_UNDECLARED_SELECTOR = YES;
				GCC_WARN_UNINITIALIZED_AUTOS = YES_AGGRESSIVE;
				GCC_WARN_UNUSED_FUNCTION = YES;
				GCC_WARN_UNUSED_VARIABLE = YES;
				IPHONEOS_DEPLOYMENT_TARGET = 11.0;
				MTL_ENABLE_DEBUG_INFO = YES;
				ONLY_ACTIVE_ARCH = YES;
				SDKROOT = iphoneos;
				SWIFT_ACTIVE_COMPILATION_CONDITIONS = DEBUG;
				SWIFT_OPTIMIZATION_LEVEL = "-Onone";
			};
			name = Debug;
		};
		C59D6A5F1F52782700CFACF5 /* Release */ = {
			isa = XCBuildConfiguration;
			buildSettings = {
				ALWAYS_SEARCH_USER_PATHS = NO;
				CLANG_ANALYZER_NONNULL = YES;
				CLANG_ANALYZER_NUMBER_OBJECT_CONVERSION = YES_AGGRESSIVE;
				CLANG_CXX_LANGUAGE_STANDARD = "gnu++14";
				CLANG_CXX_LIBRARY = "libc++";
				CLANG_ENABLE_MODULES = YES;
				CLANG_ENABLE_OBJC_ARC = YES;
				CLANG_WARN_BLOCK_CAPTURE_AUTORELEASING = YES;
				CLANG_WARN_BOOL_CONVERSION = YES;
				CLANG_WARN_COMMA = YES;
				CLANG_WARN_CONSTANT_CONVERSION = YES;
				CLANG_WARN_DIRECT_OBJC_ISA_USAGE = YES_ERROR;
				CLANG_WARN_DOCUMENTATION_COMMENTS = YES;
				CLANG_WARN_EMPTY_BODY = YES;
				CLANG_WARN_ENUM_CONVERSION = YES;
				CLANG_WARN_INFINITE_RECURSION = YES;
				CLANG_WARN_INT_CONVERSION = YES;
				CLANG_WARN_NON_LITERAL_NULL_CONVERSION = YES;
				CLANG_WARN_OBJC_LITERAL_CONVERSION = YES;
				CLANG_WARN_OBJC_ROOT_CLASS = YES_ERROR;
				CLANG_WARN_RANGE_LOOP_ANALYSIS = YES;
				CLANG_WARN_STRICT_PROTOTYPES = YES;
				CLANG_WARN_SUSPICIOUS_MOVE = YES;
				CLANG_WARN_UNGUARDED_AVAILABILITY = YES_AGGRESSIVE;
				CLANG_WARN_UNREACHABLE_CODE = YES;
				CLANG_WARN__DUPLICATE_METHOD_MATCH = YES;
				CODE_SIGN_IDENTITY = "iPhone Developer";
				COPY_PHASE_STRIP = NO;
				DEBUG_INFORMATION_FORMAT = "dwarf-with-dsym";
				ENABLE_NS_ASSERTIONS = NO;
				ENABLE_STRICT_OBJC_MSGSEND = YES;
				GCC_C_LANGUAGE_STANDARD = gnu11;
				GCC_NO_COMMON_BLOCKS = YES;
				GCC_WARN_64_TO_32_BIT_CONVERSION = YES;
				GCC_WARN_ABOUT_RETURN_TYPE = YES_ERROR;
				GCC_WARN_UNDECLARED_SELECTOR = YES;
				GCC_WARN_UNINITIALIZED_AUTOS = YES_AGGRESSIVE;
				GCC_WARN_UNUSED_FUNCTION = YES;
				GCC_WARN_UNUSED_VARIABLE = YES;
				IPHONEOS_DEPLOYMENT_TARGET = 11.0;
				MTL_ENABLE_DEBUG_INFO = NO;
				SDKROOT = iphoneos;
				SWIFT_OPTIMIZATION_LEVEL = "-Owholemodule";
				VALIDATE_PRODUCT = YES;
			};
			name = Release;
		};
		C59D6A611F52782700CFACF5 /* Debug */ = {
			isa = XCBuildConfiguration;
			buildSettings = {
				ALWAYS_EMBED_SWIFT_STANDARD_LIBRARIES = YES;
				ASSETCATALOG_COMPILER_APPICON_NAME = AppIcon;
				CODE_SIGN_ENTITLEMENTS = DaysLeft/DaysLeft.entitlements;
				CODE_SIGN_STYLE = Automatic;
				DEVELOPMENT_TEAM = J49MZ45WGA;
				INFOPLIST_FILE = DaysLeft/Info.plist;
				IPHONEOS_DEPLOYMENT_TARGET = 11.0;
				LD_RUNPATH_SEARCH_PATHS = "$(inherited) @executable_path/Frameworks";
				PRODUCT_BUNDLE_IDENTIFIER = com.tdones.DaysLeft;
				PRODUCT_NAME = "$(TARGET_NAME)";
				SWIFT_VERSION = 4.0;
				TARGETED_DEVICE_FAMILY = "1,2";
			};
			name = Debug;
		};
		C59D6A621F52782700CFACF5 /* Release */ = {
			isa = XCBuildConfiguration;
			buildSettings = {
				ALWAYS_EMBED_SWIFT_STANDARD_LIBRARIES = YES;
				ASSETCATALOG_COMPILER_APPICON_NAME = AppIcon;
				CODE_SIGN_ENTITLEMENTS = DaysLeft/DaysLeft.entitlements;
				CODE_SIGN_STYLE = Automatic;
				DEVELOPMENT_TEAM = J49MZ45WGA;
				INFOPLIST_FILE = DaysLeft/Info.plist;
				IPHONEOS_DEPLOYMENT_TARGET = 11.0;
				LD_RUNPATH_SEARCH_PATHS = "$(inherited) @executable_path/Frameworks";
				PRODUCT_BUNDLE_IDENTIFIER = com.tdones.DaysLeft;
				PRODUCT_NAME = "$(TARGET_NAME)";
				SWIFT_VERSION = 4.0;
				TARGETED_DEVICE_FAMILY = "1,2";
			};
			name = Release;
		};
/* End XCBuildConfiguration section */

/* Begin XCConfigurationList section */
		287F08051F6BAE39000FC644 /* Build configuration list for PBXNativeTarget "DaysLeft Extension" */ = {
			isa = XCConfigurationList;
			buildConfigurations = (
				287F08031F6BAE39000FC644 /* Debug */,
				287F08041F6BAE39000FC644 /* Release */,
			);
			defaultConfigurationIsVisible = 0;
			defaultConfigurationName = Release;
		};
		C59D6A461F52782600CFACF5 /* Build configuration list for PBXProject "DaysLeft" */ = {
			isa = XCConfigurationList;
			buildConfigurations = (
				C59D6A5E1F52782700CFACF5 /* Debug */,
				C59D6A5F1F52782700CFACF5 /* Release */,
			);
			defaultConfigurationIsVisible = 0;
			defaultConfigurationName = Release;
		};
		C59D6A601F52782700CFACF5 /* Build configuration list for PBXNativeTarget "DaysLeft" */ = {
			isa = XCConfigurationList;
			buildConfigurations = (
				C59D6A611F52782700CFACF5 /* Debug */,
				C59D6A621F52782700CFACF5 /* Release */,
			);
			defaultConfigurationIsVisible = 0;
			defaultConfigurationName = Release;
		};
/* End XCConfigurationList section */

/* Begin XCVersionGroup section */
		C59D6A551F52782700CFACF5 /* DaysLeft.xcdatamodeld */ = {
			isa = XCVersionGroup;
			children = (
				C59D6A561F52782700CFACF5 /* DaysLeft.xcdatamodel */,
			);
			currentVersion = C59D6A561F52782700CFACF5 /* DaysLeft.xcdatamodel */;
			path = DaysLeft.xcdatamodeld;
			sourceTree = "<group>";
			versionGroupType = wrapper.xcdatamodel;
		};
/* End XCVersionGroup section */
	};
	rootObject = C59D6A431F52782600CFACF5 /* Project object */;
}
